
Microsoft Visual Studio Solution File, Format Version 12.00
# Visual Studio Version 17
VisualStudioVersion = 17.14.36301.6
MinimumVisualStudioVersion = 10.0.40219.1
Project("{FAE04EC0-301F-11D3-BF4B-00C04F79EFBC}") = "Lab1", "Lab1\Lab1.csproj", "{8B338D67-D674-4AC1-8C65-34257196C833}"
EndProject
Project("{FAE04EC0-301F-11D3-BF4B-00C04F79EFBC}") = "Lab2", "Lab2\Lab2.csproj", "{1F2BD57F-50D1-4433-B123-6CCCEAF4B17E}"
EndProject
Project("{FAE04EC0-301F-11D3-BF4B-00C04F79EFBC}") = "Lab3", "Lab3\Lab3.csproj", "{665E15D6-6EA0-4FCA-B61D-C5D649088881}"
EndProject
Project("{FAE04EC0-301F-11D3-BF4B-00C04F79EFBC}") = "Lab4", "Lab4\Lab4.csproj", "{3AD2B019-281B-4954-8210-AD467DC20883}"
EndProject
Project("{FAE04EC0-301F-11D3-BF4B-00C04F79EFBC}") = "Lab5", "Lab5\Lab5.csproj", "{A6DB300C-6A4A-402B-B8F5-45DB54766112}"
EndProject
Global
	GlobalSection(SolutionConfigurationPlatforms) = preSolution
		Debug|Any CPU = Debug|Any CPU
		Release|Any CPU = Release|Any CPU
	EndGlobalSection
	GlobalSection(ProjectConfigurationPlatforms) = postSolution
		{8B338D67-D674-4AC1-8C65-34257196C833}.Debug|Any CPU.ActiveCfg = Debug|Any CPU
		{8B338D67-D674-4AC1-8C65-34257196C833}.Debug|Any CPU.Build.0 = Debug|Any CPU
		{8B338D67-D674-4AC1-8C65-34257196C833}.Release|Any CPU.ActiveCfg = Release|Any CPU
		{8B338D67-D674-4AC1-8C65-34257196C833}.Release|Any CPU.Build.0 = Release|Any CPU
		{1F2BD57F-50D1-4433-B123-6CCCEAF4B17E}.Debug|Any CPU.ActiveCfg = Debug|Any CPU
		{1F2BD57F-50D1-4433-B123-6CCCEAF4B17E}.Debug|Any CPU.Build.0 = Debug|Any CPU
		{1F2BD57F-50D1-4433-B123-6CCCEAF4B17E}.Release|Any CPU.ActiveCfg = Release|Any CPU
		{1F2BD57F-50D1-4433-B123-6CCCEAF4B17E}.Release|Any CPU.Build.0 = Release|Any CPU
		{665E15D6-6EA0-4FCA-B61D-C5D649088881}.Debug|Any CPU.ActiveCfg = Debug|Any CPU
		{665E15D6-6EA0-4FCA-B61D-C5D649088881}.Debug|Any CPU.Build.0 = Debug|Any CPU
		{665E15D6-6EA0-4FCA-B61D-C5D649088881}.Release|Any CPU.ActiveCfg = Release|Any CPU
		{665E15D6-6EA0-4FCA-B61D-C5D649088881}.Release|Any CPU.Build.0 = Release|Any CPU
		{3AD2B019-281B-4954-8210-AD467DC20883}.Debug|Any CPU.ActiveCfg = Debug|Any CPU
		{3AD2B019-281B-4954-8210-AD467DC20883}.Debug|Any CPU.Build.0 = Debug|Any CPU
		{3AD2B019-281B-4954-8210-AD467DC20883}.Release|Any CPU.ActiveCfg = Release|Any CPU
		{3AD2B019-281B-4954-8210-AD467DC20883}.Release|Any CPU.Build.0 = Release|Any CPU
		{A6DB300C-6A4A-402B-B8F5-45DB54766112}.Debug|Any CPU.ActiveCfg = Debug|Any CPU
		{A6DB300C-6A4A-402B-B8F5-45DB54766112}.Debug|Any CPU.Build.0 = Debug|Any CPU
		{A6DB300C-6A4A-402B-B8F5-45DB54766112}.Release|Any CPU.ActiveCfg = Release|Any CPU
		{A6DB300C-6A4A-402B-B8F5-45DB54766112}.Release|Any CPU.Build.0 = Release|Any CPU
	EndGlobalSection
	GlobalSection(SolutionProperties) = preSolution
		HideSolutionNode = FALSE
	EndGlobalSection
	GlobalSection(ExtensibilityGlobals) = postSolution
		SolutionGuid = {D5B96650-AE59-4257-B59C-1AE9A2734723}
	EndGlobalSection
EndGlobal
